// !$*UTF8*$!
{
	archiveVersion = 1;
	classes = {
	};
	objectVersion = 50;
	objects = {

/* Begin PBXBuildFile section */
		00286247213ED0C800F80291 /* AppDelegate.swift in Sources */ = {isa = PBXBuildFile; fileRef = 00286246213ED0C800F80291 /* AppDelegate.swift */; };
		00286249213ED0C800F80291 /* MainViewController.swift in Sources */ = {isa = PBXBuildFile; fileRef = 00286248213ED0C800F80291 /* MainViewController.swift */; };
		0028624C213ED0C800F80291 /* Main.storyboard in Resources */ = {isa = PBXBuildFile; fileRef = 0028624A213ED0C800F80291 /* Main.storyboard */; };
		0028624E213ED0CB00F80291 /* Assets.xcassets in Resources */ = {isa = PBXBuildFile; fileRef = 0028624D213ED0CB00F80291 /* Assets.xcassets */; };
		00286251213ED0CB00F80291 /* LaunchScreen.storyboard in Resources */ = {isa = PBXBuildFile; fileRef = 0028624F213ED0CB00F80291 /* LaunchScreen.storyboard */; };
		0028625C213ED0CB00F80291 /* MicroViewControllerSampleTests.swift in Sources */ = {isa = PBXBuildFile; fileRef = 0028625B213ED0CB00F80291 /* MicroViewControllerSampleTests.swift */; };
		00286267213ED0CB00F80291 /* MicroViewControllerSampleUITests.swift in Sources */ = {isa = PBXBuildFile; fileRef = 00286266213ED0CB00F80291 /* MicroViewControllerSampleUITests.swift */; };
		00286275213ED2E300F80291 /* TopViewController.swift in Sources */ = {isa = PBXBuildFile; fileRef = 00286274213ED2E300F80291 /* TopViewController.swift */; };
		00286277213ED32200F80291 /* MidViewController.swift in Sources */ = {isa = PBXBuildFile; fileRef = 00286276213ED32200F80291 /* MidViewController.swift */; };
		00286279213ED33100F80291 /* BottomViewController.swift in Sources */ = {isa = PBXBuildFile; fileRef = 00286278213ED33100F80291 /* BottomViewController.swift */; };
		0028627B213ED7E000F80291 /* CustomMidCollectionViewCell.swift in Sources */ = {isa = PBXBuildFile; fileRef = 0028627A213ED7E000F80291 /* CustomMidCollectionViewCell.swift */; };
		0028627D213ED97600F80291 /* TopCollectionViewController.swift in Sources */ = {isa = PBXBuildFile; fileRef = 0028627C213ED97600F80291 /* TopCollectionViewController.swift */; };
		0028627F213ED98800F80291 /* MidCollectionViewController.swift in Sources */ = {isa = PBXBuildFile; fileRef = 0028627E213ED98800F80291 /* MidCollectionViewController.swift */; };
		00286281213ED99400F80291 /* BottomCollectionViewController.swift in Sources */ = {isa = PBXBuildFile; fileRef = 00286280213ED99400F80291 /* BottomCollectionViewController.swift */; };
/* End PBXBuildFile section */

/* Begin PBXContainerItemProxy section */
		00286258213ED0CB00F80291 /* PBXContainerItemProxy */ = {
			isa = PBXContainerItemProxy;
			containerPortal = 0028623B213ED0C800F80291 /* Project object */;
			proxyType = 1;
			remoteGlobalIDString = 00286242213ED0C800F80291;
			remoteInfo = MicroViewControllerSample;
		};
		00286263213ED0CB00F80291 /* PBXContainerItemProxy */ = {
			isa = PBXContainerItemProxy;
			containerPortal = 0028623B213ED0C800F80291 /* Project object */;
			proxyType = 1;
			remoteGlobalIDString = 00286242213ED0C800F80291;
			remoteInfo = MicroViewControllerSample;
		};
/* End PBXContainerItemProxy section */

/* Begin PBXFileReference section */
		00286243213ED0C800F80291 /* MicroViewControllerSample.app */ = {isa = PBXFileReference; explicitFileType = wrapper.application; includeInIndex = 0; path = MicroViewControllerSample.app; sourceTree = BUILT_PRODUCTS_DIR; };
		00286246213ED0C800F80291 /* AppDelegate.swift */ = {isa = PBXFileReference; lastKnownFileType = sourcecode.swift; path = AppDelegate.swift; sourceTree = "<group>"; };
		00286248213ED0C800F80291 /* MainViewController.swift */ = {isa = PBXFileReference; lastKnownFileType = sourcecode.swift; path = MainViewController.swift; sourceTree = "<group>"; };
		0028624B213ED0C800F80291 /* Base */ = {isa = PBXFileReference; lastKnownFileType = file.storyboard; name = Base; path = Base.lproj/Main.storyboard; sourceTree = "<group>"; };
		0028624D213ED0CB00F80291 /* Assets.xcassets */ = {isa = PBXFileReference; lastKnownFileType = folder.assetcatalog; path = Assets.xcassets; sourceTree = "<group>"; };
		00286250213ED0CB00F80291 /* Base */ = {isa = PBXFileReference; lastKnownFileType = file.storyboard; name = Base; path = Base.lproj/LaunchScreen.storyboard; sourceTree = "<group>"; };
		00286252213ED0CB00F80291 /* Info.plist */ = {isa = PBXFileReference; lastKnownFileType = text.plist.xml; path = Info.plist; sourceTree = "<group>"; };
		00286257213ED0CB00F80291 /* MicroViewControllerSampleTests.xctest */ = {isa = PBXFileReference; explicitFileType = wrapper.cfbundle; includeInIndex = 0; path = MicroViewControllerSampleTests.xctest; sourceTree = BUILT_PRODUCTS_DIR; };
		0028625B213ED0CB00F80291 /* MicroViewControllerSampleTests.swift */ = {isa = PBXFileReference; lastKnownFileType = sourcecode.swift; path = MicroViewControllerSampleTests.swift; sourceTree = "<group>"; };
		0028625D213ED0CB00F80291 /* Info.plist */ = {isa = PBXFileReference; lastKnownFileType = text.plist.xml; path = Info.plist; sourceTree = "<group>"; };
		00286262213ED0CB00F80291 /* MicroViewControllerSampleUITests.xctest */ = {isa = PBXFileReference; explicitFileType = wrapper.cfbundle; includeInIndex = 0; path = MicroViewControllerSampleUITests.xctest; sourceTree = BUILT_PRODUCTS_DIR; };
		00286266213ED0CB00F80291 /* MicroViewControllerSampleUITests.swift */ = {isa = PBXFileReference; lastKnownFileType = sourcecode.swift; path = MicroViewControllerSampleUITests.swift; sourceTree = "<group>"; };
		00286268213ED0CB00F80291 /* Info.plist */ = {isa = PBXFileReference; lastKnownFileType = text.plist.xml; path = Info.plist; sourceTree = "<group>"; };
		00286274213ED2E300F80291 /* TopViewController.swift */ = {isa = PBXFileReference; lastKnownFileType = sourcecode.swift; path = TopViewController.swift; sourceTree = "<group>"; };
		00286276213ED32200F80291 /* MidViewController.swift */ = {isa = PBXFileReference; lastKnownFileType = sourcecode.swift; path = MidViewController.swift; sourceTree = "<group>"; };
		00286278213ED33100F80291 /* BottomViewController.swift */ = {isa = PBXFileReference; lastKnownFileType = sourcecode.swift; path = BottomViewController.swift; sourceTree = "<group>"; };
		0028627A213ED7E000F80291 /* CustomMidCollectionViewCell.swift */ = {isa = PBXFileReference; lastKnownFileType = sourcecode.swift; path = CustomMidCollectionViewCell.swift; sourceTree = "<group>"; };
		0028627C213ED97600F80291 /* TopCollectionViewController.swift */ = {isa = PBXFileReference; lastKnownFileType = sourcecode.swift; path = TopCollectionViewController.swift; sourceTree = "<group>"; };
		0028627E213ED98800F80291 /* MidCollectionViewController.swift */ = {isa = PBXFileReference; lastKnownFileType = sourcecode.swift; path = MidCollectionViewController.swift; sourceTree = "<group>"; };
		00286280213ED99400F80291 /* BottomCollectionViewController.swift */ = {isa = PBXFileReference; lastKnownFileType = sourcecode.swift; path = BottomCollectionViewController.swift; sourceTree = "<group>"; };
/* End PBXFileReference section */

/* Begin PBXFrameworksBuildPhase section */
		00286240213ED0C800F80291 /* Frameworks */ = {
			isa = PBXFrameworksBuildPhase;
			buildActionMask = 2147483647;
			files = (
			);
			runOnlyForDeploymentPostprocessing = 0;
		};
		00286254213ED0CB00F80291 /* Frameworks */ = {
			isa = PBXFrameworksBuildPhase;
			buildActionMask = 2147483647;
			files = (
			);
			runOnlyForDeploymentPostprocessing = 0;
		};
		0028625F213ED0CB00F80291 /* Frameworks */ = {
			isa = PBXFrameworksBuildPhase;
			buildActionMask = 2147483647;
			files = (
			);
			runOnlyForDeploymentPostprocessing = 0;
		};
/* End PBXFrameworksBuildPhase section */

/* Begin PBXGroup section */
		0028623A213ED0C800F80291 = {
			isa = PBXGroup;
			children = (
				00286245213ED0C800F80291 /* MicroViewControllerSample */,
				0028625A213ED0CB00F80291 /* MicroViewControllerSampleTests */,
				00286265213ED0CB00F80291 /* MicroViewControllerSampleUITests */,
				00286244213ED0C800F80291 /* Products */,
			);
			sourceTree = "<group>";
		};
		00286244213ED0C800F80291 /* Products */ = {
			isa = PBXGroup;
			children = (
				00286243213ED0C800F80291 /* MicroViewControllerSample.app */,
				00286257213ED0CB00F80291 /* MicroViewControllerSampleTests.xctest */,
				00286262213ED0CB00F80291 /* MicroViewControllerSampleUITests.xctest */,
			);
			name = Products;
			sourceTree = "<group>";
		};
		00286245213ED0C800F80291 /* MicroViewControllerSample */ = {
			isa = PBXGroup;
			children = (
				00286246213ED0C800F80291 /* AppDelegate.swift */,
				00286248213ED0C800F80291 /* MainViewController.swift */,
				0028624A213ED0C800F80291 /* Main.storyboard */,
				0028624D213ED0CB00F80291 /* Assets.xcassets */,
				0028624F213ED0CB00F80291 /* LaunchScreen.storyboard */,
				00286252213ED0CB00F80291 /* Info.plist */,
				00286274213ED2E300F80291 /* TopViewController.swift */,
				00286276213ED32200F80291 /* MidViewController.swift */,
				00286278213ED33100F80291 /* BottomViewController.swift */,
				0028627A213ED7E000F80291 /* CustomMidCollectionViewCell.swift */,
				0028627C213ED97600F80291 /* TopCollectionViewController.swift */,
				0028627E213ED98800F80291 /* MidCollectionViewController.swift */,
				00286280213ED99400F80291 /* BottomCollectionViewController.swift */,
			);
			path = MicroViewControllerSample;
			sourceTree = "<group>";
		};
		0028625A213ED0CB00F80291 /* MicroViewControllerSampleTests */ = {
			isa = PBXGroup;
			children = (
				0028625B213ED0CB00F80291 /* MicroViewControllerSampleTests.swift */,
				0028625D213ED0CB00F80291 /* Info.plist */,
			);
			path = MicroViewControllerSampleTests;
			sourceTree = "<group>";
		};
		00286265213ED0CB00F80291 /* MicroViewControllerSampleUITests */ = {
			isa = PBXGroup;
			children = (
				00286266213ED0CB00F80291 /* MicroViewControllerSampleUITests.swift */,
				00286268213ED0CB00F80291 /* Info.plist */,
			);
			path = MicroViewControllerSampleUITests;
			sourceTree = "<group>";
		};
/* End PBXGroup section */

/* Begin PBXNativeTarget section */
		00286242213ED0C800F80291 /* MicroViewControllerSample */ = {
			isa = PBXNativeTarget;
			buildConfigurationList = 0028626B213ED0CB00F80291 /* Build configuration list for PBXNativeTarget "MicroViewControllerSample" */;
			buildPhases = (
				0028623F213ED0C800F80291 /* Sources */,
				00286240213ED0C800F80291 /* Frameworks */,
				00286241213ED0C800F80291 /* Resources */,
			);
			buildRules = (
			);
			dependencies = (
			);
			name = MicroViewControllerSample;
			productName = MicroViewControllerSample;
			productReference = 00286243213ED0C800F80291 /* MicroViewControllerSample.app */;
			productType = "com.apple.product-type.application";
		};
		00286256213ED0CB00F80291 /* MicroViewControllerSampleTests */ = {
			isa = PBXNativeTarget;
			buildConfigurationList = 0028626E213ED0CB00F80291 /* Build configuration list for PBXNativeTarget "MicroViewControllerSampleTests" */;
			buildPhases = (
				00286253213ED0CB00F80291 /* Sources */,
				00286254213ED0CB00F80291 /* Frameworks */,
				00286255213ED0CB00F80291 /* Resources */,
			);
			buildRules = (
			);
			dependencies = (
				00286259213ED0CB00F80291 /* PBXTargetDependency */,
			);
			name = MicroViewControllerSampleTests;
			productName = MicroViewControllerSampleTests;
			productReference = 00286257213ED0CB00F80291 /* MicroViewControllerSampleTests.xctest */;
			productType = "com.apple.product-type.bundle.unit-test";
		};
		00286261213ED0CB00F80291 /* MicroViewControllerSampleUITests */ = {
			isa = PBXNativeTarget;
			buildConfigurationList = 00286271213ED0CB00F80291 /* Build configuration list for PBXNativeTarget "MicroViewControllerSampleUITests" */;
			buildPhases = (
				0028625E213ED0CB00F80291 /* Sources */,
				0028625F213ED0CB00F80291 /* Frameworks */,
				00286260213ED0CB00F80291 /* Resources */,
			);
			buildRules = (
			);
			dependencies = (
				00286264213ED0CB00F80291 /* PBXTargetDependency */,
			);
			name = MicroViewControllerSampleUITests;
			productName = MicroViewControllerSampleUITests;
			productReference = 00286262213ED0CB00F80291 /* MicroViewControllerSampleUITests.xctest */;
			productType = "com.apple.product-type.bundle.ui-testing";
		};
/* End PBXNativeTarget section */

/* Begin PBXProject section */
		0028623B213ED0C800F80291 /* Project object */ = {
			isa = PBXProject;
			attributes = {
				LastSwiftUpdateCheck = 0940;
				LastUpgradeCheck = 0940;
				ORGANIZATIONNAME = "谷郁也";
				TargetAttributes = {
					00286242213ED0C800F80291 = {
						CreatedOnToolsVersion = 9.4.1;
					};
					00286256213ED0CB00F80291 = {
						CreatedOnToolsVersion = 9.4.1;
						TestTargetID = 00286242213ED0C800F80291;
					};
					00286261213ED0CB00F80291 = {
						CreatedOnToolsVersion = 9.4.1;
						TestTargetID = 00286242213ED0C800F80291;
					};
				};
			};
			buildConfigurationList = 0028623E213ED0C800F80291 /* Build configuration list for PBXProject "MicroViewControllerSample" */;
			compatibilityVersion = "Xcode 9.3";
			developmentRegion = en;
			hasScannedForEncodings = 0;
			knownRegions = (
				en,
				Base,
			);
			mainGroup = 0028623A213ED0C800F80291;
			productRefGroup = 00286244213ED0C800F80291 /* Products */;
			projectDirPath = "";
			projectRoot = "";
			targets = (
				00286242213ED0C800F80291 /* MicroViewControllerSample */,
				00286256213ED0CB00F80291 /* MicroViewControllerSampleTests */,
				00286261213ED0CB00F80291 /* MicroViewControllerSampleUITests */,
			);
		};
/* End PBXProject section */

/* Begin PBXResourcesBuildPhase section */
		00286241213ED0C800F80291 /* Resources */ = {
			isa = PBXResourcesBuildPhase;
			buildActionMask = 2147483647;
			files = (
				00286251213ED0CB00F80291 /* LaunchScreen.storyboard in Resources */,
				0028624E213ED0CB00F80291 /* Assets.xcassets in Resources */,
				0028624C213ED0C800F80291 /* Main.storyboard in Resources */,
			);
			runOnlyForDeploymentPostprocessing = 0;
		};
		00286255213ED0CB00F80291 /* Resources */ = {
			isa = PBXResourcesBuildPhase;
			buildActionMask = 2147483647;
			files = (
			);
			runOnlyForDeploymentPostprocessing = 0;
		};
		00286260213ED0CB00F80291 /* Resources */ = {
			isa = PBXResourcesBuildPhase;
			buildActionMask = 2147483647;
			files = (
			);
			runOnlyForDeploymentPostprocessing = 0;
		};
/* End PBXResourcesBuildPhase section */

/* Begin PBXSourcesBuildPhase section */
		0028623F213ED0C800F80291 /* Sources */ = {
			isa = PBXSourcesBuildPhase;
			buildActionMask = 2147483647;
			files = (
				00286275213ED2E300F80291 /* TopViewController.swift in Sources */,
				0028627D213ED97600F80291 /* TopCollectionViewController.swift in Sources */,
				00286249213ED0C800F80291 /* MainViewController.swift in Sources */,
				0028627F213ED98800F80291 /* MidCollectionViewController.swift in Sources */,
				00286279213ED33100F80291 /* BottomViewController.swift in Sources */,
				00286247213ED0C800F80291 /* AppDelegate.swift in Sources */,
				0028627B213ED7E000F80291 /* CustomMidCollectionViewCell.swift in Sources */,
				00286281213ED99400F80291 /* BottomCollectionViewController.swift in Sources */,
				00286277213ED32200F80291 /* MidViewController.swift in Sources */,
			);
			runOnlyForDeploymentPostprocessing = 0;
		};
		00286253213ED0CB00F80291 /* Sources */ = {
			isa = PBXSourcesBuildPhase;
			buildActionMask = 2147483647;
			files = (
				0028625C213ED0CB00F80291 /* MicroViewControllerSampleTests.swift in Sources */,
			);
			runOnlyForDeploymentPostprocessing = 0;
		};
		0028625E213ED0CB00F80291 /* Sources */ = {
			isa = PBXSourcesBuildPhase;
			buildActionMask = 2147483647;
			files = (
				00286267213ED0CB00F80291 /* MicroViewControllerSampleUITests.swift in Sources */,
			);
			runOnlyForDeploymentPostprocessing = 0;
		};
/* End PBXSourcesBuildPhase section */

/* Begin PBXTargetDependency section */
		00286259213ED0CB00F80291 /* PBXTargetDependency */ = {
			isa = PBXTargetDependency;
			target = 00286242213ED0C800F80291 /* MicroViewControllerSample */;
			targetProxy = 00286258213ED0CB00F80291 /* PBXContainerItemProxy */;
		};
		00286264213ED0CB00F80291 /* PBXTargetDependency */ = {
			isa = PBXTargetDependency;
			target = 00286242213ED0C800F80291 /* MicroViewControllerSample */;
			targetProxy = 00286263213ED0CB00F80291 /* PBXContainerItemProxy */;
		};
/* End PBXTargetDependency section */

/* Begin PBXVariantGroup section */
		0028624A213ED0C800F80291 /* Main.storyboard */ = {
			isa = PBXVariantGroup;
			children = (
				0028624B213ED0C800F80291 /* Base */,
			);
			name = Main.storyboard;
			sourceTree = "<group>";
		};
		0028624F213ED0CB00F80291 /* LaunchScreen.storyboard */ = {
			isa = PBXVariantGroup;
			children = (
				00286250213ED0CB00F80291 /* Base */,
			);
			name = LaunchScreen.storyboard;
			sourceTree = "<group>";
		};
/* End PBXVariantGroup section */

/* Begin XCBuildConfiguration section */
		00286269213ED0CB00F80291 /* Debug */ = {
			isa = XCBuildConfiguration;
			buildSettings = {
				ALWAYS_SEARCH_USER_PATHS = NO;
				CLANG_ANALYZER_NONNULL = YES;
				CLANG_ANALYZER_NUMBER_OBJECT_CONVERSION = YES_AGGRESSIVE;
				CLANG_CXX_LANGUAGE_STANDARD = "gnu++14";
				CLANG_CXX_LIBRARY = "libc++";
				CLANG_ENABLE_MODULES = YES;
				CLANG_ENABLE_OBJC_ARC = YES;
				CLANG_ENABLE_OBJC_WEAK = YES;
				CLANG_WARN_BLOCK_CAPTURE_AUTORELEASING = YES;
				CLANG_WARN_BOOL_CONVERSION = YES;
				CLANG_WARN_COMMA = YES;
				CLANG_WARN_CONSTANT_CONVERSION = YES;
				CLANG_WARN_DEPRECATED_OBJC_IMPLEMENTATIONS = YES;
				CLANG_WARN_DIRECT_OBJC_ISA_USAGE = YES_ERROR;
				CLANG_WARN_DOCUMENTATION_COMMENTS = YES;
				CLANG_WARN_EMPTY_BODY = YES;
				CLANG_WARN_ENUM_CONVERSION = YES;
				CLANG_WARN_INFINITE_RECURSION = YES;
				CLANG_WARN_INT_CONVERSION = YES;
				CLANG_WARN_NON_LITERAL_NULL_CONVERSION = YES;
				CLANG_WARN_OBJC_IMPLICIT_RETAIN_SELF = YES;
				CLANG_WARN_OBJC_LITERAL_CONVERSION = YES;
				CLANG_WARN_OBJC_ROOT_CLASS = YES_ERROR;
				CLANG_WARN_RANGE_LOOP_ANALYSIS = YES;
				CLANG_WARN_STRICT_PROTOTYPES = YES;
				CLANG_WARN_SUSPICIOUS_MOVE = YES;
				CLANG_WARN_UNGUARDED_AVAILABILITY = YES_AGGRESSIVE;
				CLANG_WARN_UNREACHABLE_CODE = YES;
				CLANG_WARN__DUPLICATE_METHOD_MATCH = YES;
				CODE_SIGN_IDENTITY = "iPhone Developer";
				COPY_PHASE_STRIP = NO;
				DEBUG_INFORMATION_FORMAT = dwarf;
				ENABLE_STRICT_OBJC_MSGSEND = YES;
				ENABLE_TESTABILITY = YES;
				GCC_C_LANGUAGE_STANDARD = gnu11;
				GCC_DYNAMIC_NO_PIC = NO;
				GCC_NO_COMMON_BLOCKS = YES;
				GCC_OPTIMIZATION_LEVEL = 0;
				GCC_PREPROCESSOR_DEFINITIONS = (
					"DEBUG=1",
					"$(inherited)",
				);
				GCC_WARN_64_TO_32_BIT_CONVERSION = YES;
				GCC_WARN_ABOUT_RETURN_TYPE = YES_ERROR;
				GCC_WARN_UNDECLARED_SELECTOR = YES;
				GCC_WARN_UNINITIALIZED_AUTOS = YES_AGGRESSIVE;
				GCC_WARN_UNUSED_FUNCTION = YES;
				GCC_WARN_UNUSED_VARIABLE = YES;
				IPHONEOS_DEPLOYMENT_TARGET = 11.4;
				MTL_ENABLE_DEBUG_INFO = YES;
				ONLY_ACTIVE_ARCH = YES;
				SDKROOT = iphoneos;
				SWIFT_ACTIVE_COMPILATION_CONDITIONS = DEBUG;
				SWIFT_OPTIMIZATION_LEVEL = "-Onone";
			};
			name = Debug;
		};
		0028626A213ED0CB00F80291 /* Release */ = {
			isa = XCBuildConfiguration;
			buildSettings = {
				ALWAYS_SEARCH_USER_PATHS = NO;
				CLANG_ANALYZER_NONNULL = YES;
				CLANG_ANALYZER_NUMBER_OBJECT_CONVERSION = YES_AGGRESSIVE;
				CLANG_CXX_LANGUAGE_STANDARD = "gnu++14";
				CLANG_CXX_LIBRARY = "libc++";
				CLANG_ENABLE_MODULES = YES;
				CLANG_ENABLE_OBJC_ARC = YES;
				CLANG_ENABLE_OBJC_WEAK = YES;
				CLANG_WARN_BLOCK_CAPTURE_AUTORELEASING = YES;
				CLANG_WARN_BOOL_CONVERSION = YES;
				CLANG_WARN_COMMA = YES;
				CLANG_WARN_CONSTANT_CONVERSION = YES;
				CLANG_WARN_DEPRECATED_OBJC_IMPLEMENTATIONS = YES;
				CLANG_WARN_DIRECT_OBJC_ISA_USAGE = YES_ERROR;
				CLANG_WARN_DOCUMENTATION_COMMENTS = YES;
				CLANG_WARN_EMPTY_BODY = YES;
				CLANG_WARN_ENUM_CONVERSION = YES;
				CLANG_WARN_INFINITE_RECURSION = YES;
				CLANG_WARN_INT_CONVERSION = YES;
				CLANG_WARN_NON_LITERAL_NULL_CONVERSION = YES;
				CLANG_WARN_OBJC_IMPLICIT_RETAIN_SELF = YES;
				CLANG_WARN_OBJC_LITERAL_CONVERSION = YES;
				CLANG_WARN_OBJC_ROOT_CLASS = YES_ERROR;
				CLANG_WARN_RANGE_LOOP_ANALYSIS = YES;
				CLANG_WARN_STRICT_PROTOTYPES = YES;
				CLANG_WARN_SUSPICIOUS_MOVE = YES;
				CLANG_WARN_UNGUARDED_AVAILABILITY = YES_AGGRESSIVE;
				CLANG_WARN_UNREACHABLE_CODE = YES;
				CLANG_WARN__DUPLICATE_METHOD_MATCH = YES;
				CODE_SIGN_IDENTITY = "iPhone Developer";
				COPY_PHASE_STRIP = NO;
				DEBUG_INFORMATION_FORMAT = "dwarf-with-dsym";
				ENABLE_NS_ASSERTIONS = NO;
				ENABLE_STRICT_OBJC_MSGSEND = YES;
				GCC_C_LANGUAGE_STANDARD = gnu11;
				GCC_NO_COMMON_BLOCKS = YES;
				GCC_WARN_64_TO_32_BIT_CONVERSION = YES;
				GCC_WARN_ABOUT_RETURN_TYPE = YES_ERROR;
				GCC_WARN_UNDECLARED_SELECTOR = YES;
				GCC_WARN_UNINITIALIZED_AUTOS = YES_AGGRESSIVE;
				GCC_WARN_UNUSED_FUNCTION = YES;
				GCC_WARN_UNUSED_VARIABLE = YES;
				IPHONEOS_DEPLOYMENT_TARGET = 11.4;
				MTL_ENABLE_DEBUG_INFO = NO;
				SDKROOT = iphoneos;
				SWIFT_COMPILATION_MODE = wholemodule;
				SWIFT_OPTIMIZATION_LEVEL = "-O";
				VALIDATE_PRODUCT = YES;
			};
			name = Release;
		};
		0028626C213ED0CB00F80291 /* Debug */ = {
			isa = XCBuildConfiguration;
			buildSettings = {
				ASSETCATALOG_COMPILER_APPICON_NAME = AppIcon;
				CODE_SIGN_STYLE = Automatic;
				INFOPLIST_FILE = MicroViewControllerSample/Info.plist;
				LD_RUNPATH_SEARCH_PATHS = (
					"$(inherited)",
					"@executable_path/Frameworks",
				);
				PRODUCT_BUNDLE_IDENTIFIER = tani.MicroViewControllerSample;
				PRODUCT_NAME = "$(TARGET_NAME)";
				SWIFT_VERSION = 4.0;
				TARGETED_DEVICE_FAMILY = "1,2";
			};
			name = Debug;
		};
		0028626D213ED0CB00F80291 /* Release */ = {
			isa = XCBuildConfiguration;
			buildSettings = {
				ASSETCATALOG_COMPILER_APPICON_NAME = AppIcon;
				CODE_SIGN_STYLE = Automatic;
				INFOPLIST_FILE = MicroViewControllerSample/Info.plist;
				LD_RUNPATH_SEARCH_PATHS = (
					"$(inherited)",
					"@executable_path/Frameworks",
				);
				PRODUCT_BUNDLE_IDENTIFIER = tani.MicroViewControllerSample;
				PRODUCT_NAME = "$(TARGET_NAME)";
				SWIFT_VERSION = 4.0;
				TARGETED_DEVICE_FAMILY = "1,2";
			};
			name = Release;
		};
		0028626F213ED0CB00F80291 /* Debug */ = {
			isa = XCBuildConfiguration;
			buildSettings = {
				ALWAYS_EMBED_SWIFT_STANDARD_LIBRARIES = YES;
				BUNDLE_LOADER = "$(TEST_HOST)";
				CODE_SIGN_STYLE = Automatic;
				INFOPLIST_FILE = MicroViewControllerSampleTests/Info.plist;
				LD_RUNPATH_SEARCH_PATHS = (
					"$(inherited)",
					"@executable_path/Frameworks",
					"@loader_path/Frameworks",
				);
				PRODUCT_BUNDLE_IDENTIFIER = tani.MicroViewControllerSampleTests;
				PRODUCT_NAME = "$(TARGET_NAME)";
				SWIFT_VERSION = 4.0;
				TARGETED_DEVICE_FAMILY = "1,2";
				TEST_HOST = "$(BUILT_PRODUCTS_DIR)/MicroViewControllerSample.app/MicroViewControllerSample";
			};
			name = Debug;
		};
		00286270213ED0CB00F80291 /* Release */ = {
			isa = XCBuildConfiguration;
			buildSettings = {
				ALWAYS_EMBED_SWIFT_STANDARD_LIBRARIES = YES;
				BUNDLE_LOADER = "$(TEST_HOST)";
				CODE_SIGN_STYLE = Automatic;
				INFOPLIST_FILE = MicroViewControllerSampleTests/Info.plist;
				LD_RUNPATH_SEARCH_PATHS = (
					"$(inherited)",
					"@executable_path/Frameworks",
					"@loader_path/Frameworks",
				);
				PRODUCT_BUNDLE_IDENTIFIER = tani.MicroViewControllerSampleTests;
				PRODUCT_NAME = "$(TARGET_NAME)";
				SWIFT_VERSION = 4.0;
				TARGETED_DEVICE_FAMILY = "1,2";
				TEST_HOST = "$(BUILT_PRODUCTS_DIR)/MicroViewControllerSample.app/MicroViewControllerSample";
			};
			name = Release;
		};
		00286272213ED0CB00F80291 /* Debug */ = {
			isa = XCBuildConfiguration;
			buildSettings = {
				ALWAYS_EMBED_SWIFT_STANDARD_LIBRARIES = YES;
				CODE_SIGN_STYLE = Automatic;
				INFOPLIST_FILE = MicroViewControllerSampleUITests/Info.plist;
				LD_RUNPATH_SEARCH_PATHS = (
					"$(inherited)",
					"@executable_path/Frameworks",
					"@loader_path/Frameworks",
				);
				PRODUCT_BUNDLE_IDENTIFIER = tani.MicroViewControllerSampleUITests;
				PRODUCT_NAME = "$(TARGET_NAME)";
				SWIFT_VERSION = 4.0;
				TARGETED_DEVICE_FAMILY = "1,2";
				TEST_TARGET_NAME = MicroViewControllerSample;
			};
			name = Debug;
		};
		00286273213ED0CB00F80291 /* Release */ = {
			isa = XCBuildConfiguration;
			buildSettings = {
				ALWAYS_EMBED_SWIFT_STANDARD_LIBRARIES = YES;
				CODE_SIGN_STYLE = Automatic;
				INFOPLIST_FILE = MicroViewControllerSampleUITests/Info.plist;
				LD_RUNPATH_SEARCH_PATHS = (
					"$(inherited)",
					"@executable_path/Frameworks",
					"@loader_path/Frameworks",
				);
				PRODUCT_BUNDLE_IDENTIFIER = tani.MicroViewControllerSampleUITests;
				PRODUCT_NAME = "$(TARGET_NAME)";
				SWIFT_VERSION = 4.0;
				TARGETED_DEVICE_FAMILY = "1,2";
				TEST_TARGET_NAME = MicroViewControllerSample;
			};
			name = Release;
		};
/* End XCBuildConfiguration section */

/* Begin XCConfigurationList section */
		0028623E213ED0C800F80291 /* Build configuration list for PBXProject "MicroViewControllerSample" */ = {
			isa = XCConfigurationList;
			buildConfigurations = (
				00286269213ED0CB00F80291 /* Debug */,
				0028626A213ED0CB00F80291 /* Release */,
			);
			defaultConfigurationIsVisible = 0;
			defaultConfigurationName = Release;
		};
		0028626B213ED0CB00F80291 /* Build configuration list for PBXNativeTarget "MicroViewControllerSample" */ = {
			isa = XCConfigurationList;
			buildConfigurations = (
				0028626C213ED0CB00F80291 /* Debug */,
				0028626D213ED0CB00F80291 /* Release */,
			);
			defaultConfigurationIsVisible = 0;
			defaultConfigurationName = Release;
		};
		0028626E213ED0CB00F80291 /* Build configuration list for PBXNativeTarget "MicroViewControllerSampleTests" */ = {
			isa = XCConfigurationList;
			buildConfigurations = (
				0028626F213ED0CB00F80291 /* Debug */,
				00286270213ED0CB00F80291 /* Release */,
			);
			defaultConfigurationIsVisible = 0;
			defaultConfigurationName = Release;
		};
		00286271213ED0CB00F80291 /* Build configuration list for PBXNativeTarget "MicroViewControllerSampleUITests" */ = {
			isa = XCConfigurationList;
			buildConfigurations = (
				00286272213ED0CB00F80291 /* Debug */,
				00286273213ED0CB00F80291 /* Release */,
			);
			defaultConfigurationIsVisible = 0;
			defaultConfigurationName = Release;
		};
/* End XCConfigurationList section */
	};
	rootObject = 0028623B213ED0C800F80291 /* Project object */;
}
